# Generated by pub
# See https://dart.dev/tools/pub/glossary#lockfile
packages:
  archive:
    dependency: "direct main"
    description:
      name: archive
      sha256: "20071638cbe4e5964a427cfa0e86dce55d060bc7d82d56f3554095d7239a8765"
      url: "https://pub.dev"
    source: hosted
    version: "3.4.2"
  args:
    dependency: transitive
    description:
      name: args
      sha256: eef6c46b622e0494a36c5a12d10d77fb4e855501a91c1b9ef9339326e58f0596
      url: "https://pub.dev"
    source: hosted
    version: "2.4.2"
  async:
    dependency: transitive
    description:
      name: async
      sha256: "947bfcf187f74dbc5e146c9eb9c0f10c9f8b30743e341481c1e2ed3ecc18c20c"
      url: "https://pub.dev"
    source: hosted
    version: "2.11.0"
  boolean_selector:
    dependency: transitive
    description:
      name: boolean_selector
      sha256: "6cfb5af12253eaf2b368f07bacc5a80d1301a071c73360d746b7f2e32d762c66"
      url: "https://pub.dev"
    source: hosted
    version: "2.1.1"
  brstm_player:
    dependency: "direct main"
    description:
      path: "."
      ref: proposal
      resolved-ref: "4aa38c800bdc735e0a34b94569e575e63d3b9b1c"
      url: "https://github.com/marco-04/brstm_player"
    source: git
    version: "1.0.0"
  characters:
    dependency: transitive
    description:
      name: characters
      sha256: "04a925763edad70e8443c99234dc3328f442e811f1d8fd1a72f1c8ad0f69a605"
      url: "https://pub.dev"
    source: hosted
    version: "1.3.0"
  checked_yaml:
    dependency: transitive
    description:
      name: checked_yaml
      sha256: feb6bed21949061731a7a75fc5d2aa727cf160b91af9a3e464c5e3a32e28b5ff
      url: "https://pub.dev"
    source: hosted
    version: "2.0.3"
  cli_util:
    dependency: transitive
    description:
      name: cli_util
      sha256: "66f86e916d285c1a93d3b79587d94bd71984a66aac4ff74e524cfa7877f1395c"
      url: "https://pub.dev"
    source: hosted
    version: "0.3.5"
  clock:
    dependency: transitive
    description:
      name: clock
      sha256: cb6d7f03e1de671e34607e909a7213e31d7752be4fb66a86d29fe1eb14bfb5cf
      url: "https://pub.dev"
    source: hosted
    version: "1.1.1"
  collection:
    dependency: transitive
    description:
      name: collection
      sha256: "4a07be6cb69c84d677a6c3096fcf960cc3285a8330b4603e0d463d15d9bd934c"
      url: "https://pub.dev"
    source: hosted
    version: "1.17.1"
  convert:
    dependency: transitive
    description:
      name: convert
      sha256: "0f08b14755d163f6e2134cb58222dd25ea2a2ee8a195e53983d57c075324d592"
      url: "https://pub.dev"
    source: hosted
    version: "3.1.1"
  cross_file:
    dependency: transitive
    description:
      name: cross_file
      sha256: fd832b5384d0d6da4f6df60b854d33accaaeb63aa9e10e736a87381f08dee2cb
      url: "https://pub.dev"
    source: hosted
    version: "0.3.3+5"
  crypto:
    dependency: transitive
    description:
      name: crypto
      sha256: ff625774173754681d66daaf4a448684fb04b78f902da9cb3d308c19cc5e8bab
      url: "https://pub.dev"
    source: hosted
    version: "3.0.3"
  cupertino_icons:
    dependency: "direct main"
    description:
      name: cupertino_icons
      sha256: d57953e10f9f8327ce64a508a355f0b1ec902193f66288e8cb5070e7c47eeb2d
      url: "https://pub.dev"
    source: hosted
    version: "1.0.6"
  desktop_drop:
    dependency: "direct main"
    description:
      name: desktop_drop
      sha256: ebba9c9cb0b54385998a977d741cc06fd8324878c08d5a36e9da61cd56b04cc6
      url: "https://pub.dev"
    source: hosted
    version: "0.4.3"
  desktop_window:
    dependency: "direct main"
    description:
      name: desktop_window
      sha256: "6256fb6feb7b5ec1311c76a3503f89202825bfe92c0458ec5fe7a728ffa216d5"
      url: "https://pub.dev"
    source: hosted
    version: "0.4.0"
  dotted_border:
    dependency: "direct main"
    description:
      name: dotted_border
      sha256: "07a5c5e8d4e6e992279e190e0352be8faa5b8f96d81c77a78b2d42f060279840"
      url: "https://pub.dev"
    source: hosted
    version: "2.0.0+3"
  equatable:
    dependency: transitive
    description:
      name: equatable
      sha256: c2b87cb7756efdf69892005af546c56c0b5037f54d2a88269b4f347a505e3ca2
      url: "https://pub.dev"
    source: hosted
    version: "2.0.5"
  eventify:
    dependency: transitive
    description:
      name: eventify
      sha256: b829429f08586cc2001c628e7499e3e3c2493a1d895fd73b00ecb23351aa5a66
      url: "https://pub.dev"
    source: hosted
    version: "1.0.1"
  excel:
    dependency: "direct main"
    description:
      name: excel
      sha256: f6a76fff6ac14f48fd44a6528e72705965e02cbc593e00427ab1d9a9f5d3bffa
      url: "https://pub.dev"
    source: hosted
    version: "2.1.0"
  fake_async:
    dependency: transitive
    description:
      name: fake_async
      sha256: "511392330127add0b769b75a987850d136345d9227c6b94c96a04cf4a391bf78"
      url: "https://pub.dev"
    source: hosted
    version: "1.3.1"
  ffi:
    dependency: transitive
    description:
      name: ffi
      sha256: "7bf0adc28a23d395f19f3f1eb21dd7cfd1dd9f8e1c50051c069122e6853bc878"
      url: "https://pub.dev"
    source: hosted
    version: "2.1.0"
  file:
    dependency: transitive
    description:
      name: file
      sha256: "1b92bec4fc2a72f59a8e15af5f52cd441e4a7860b49499d69dfa817af20e925d"
      url: "https://pub.dev"
    source: hosted
    version: "6.1.4"
  file_picker:
    dependency: "direct main"
    description:
      name: file_picker
      sha256: be325344c1f3070354a1d84a231a1ba75ea85d413774ec4bdf444c023342e030
      url: "https://pub.dev"
    source: hosted
    version: "5.5.0"
  flutter:
    dependency: "direct main"
    description: flutter
    source: sdk
    version: "0.0.0"
  flutter_launcher_icons:
    dependency: "direct main"
    description:
      name: flutter_launcher_icons
      sha256: "02dcaf49d405f652b7160e882bacfc02cb497041bb2eab2a49b1c393cf9aac12"
      url: "https://pub.dev"
    source: hosted
    version: "0.12.0"
  flutter_lints:
    dependency: "direct dev"
    description:
      name: flutter_lints
      sha256: a25a15ebbdfc33ab1cd26c63a6ee519df92338a9c10f122adda92938253bef04
      url: "https://pub.dev"
    source: hosted
    version: "2.0.3"
  flutter_plugin_android_lifecycle:
    dependency: transitive
    description:
      name: flutter_plugin_android_lifecycle
      sha256: f185ac890306b5779ecbd611f52502d8d4d63d27703ef73161ca0407e815f02c
      url: "https://pub.dev"
    source: hosted
    version: "2.0.16"
  flutter_test:
    dependency: "direct dev"
    description: flutter
    source: sdk
    version: "0.0.0"
  flutter_web_plugins:
    dependency: transitive
    description: flutter
    source: sdk
    version: "0.0.0"
  flutter_xlider:
    dependency: "direct main"
    description:
      name: flutter_xlider
      sha256: b83da229b8a2153adeefc5d9e08e0060689c8dc2187b30e3502cf67c1a6495be
      url: "https://pub.dev"
    source: hosted
    version: "3.5.0"
  image:
    dependency: "direct main"
    description:
      name: image
      sha256: "6e703d5e2f8c63fb31a77753915c1ec8baebde8088844e0d29f71b8f0b108888"
      url: "https://pub.dev"
    source: hosted
    version: "4.1.0"
  js:
    dependency: transitive
    description:
      name: js
      sha256: f2c445dce49627136094980615a031419f7f3eb393237e4ecd97ac15dea343f3
      url: "https://pub.dev"
    source: hosted
    version: "0.6.7"
  json_annotation:
    dependency: transitive
    description:
      name: json_annotation
      sha256: b10a7b2ff83d83c777edba3c6a0f97045ddadd56c944e1a23a3fdf43a1bf4467
      url: "https://pub.dev"
    source: hosted
    version: "4.8.1"
  lints:
    dependency: transitive
    description:
      name: lints
      sha256: "0a217c6c989d21039f1498c3ed9f3ed71b354e69873f13a8dfc3c9fe76f1b452"
      url: "https://pub.dev"
    source: hosted
    version: "2.1.1"
  loading_animation_widget:
    dependency: "direct main"
    description:
      name: loading_animation_widget
      sha256: "1901682600273a966c34cf44a85fc5355da92a8d08a8a43c11adc4e471993e3a"
      url: "https://pub.dev"
    source: hosted
    version: "1.2.0+4"
  matcher:
    dependency: transitive
    description:
      name: matcher
      sha256: "6501fbd55da300384b768785b83e5ce66991266cec21af89ab9ae7f5ce1c4cbb"
      url: "https://pub.dev"
    source: hosted
    version: "0.12.15"
  material_color_utilities:
    dependency: transitive
    description:
      name: material_color_utilities
      sha256: d92141dc6fe1dad30722f9aa826c7fbc896d021d792f80678280601aff8cf724
      url: "https://pub.dev"
    source: hosted
    version: "0.2.0"
  merge_images:
    dependency: "direct main"
    description:
      name: merge_images
      sha256: d8162a42642d88d447e11f887394261fb213aac0523111ccd48f0d815d10a9b3
      url: "https://pub.dev"
    source: hosted
    version: "2.0.0-nullsafety"
  meta:
    dependency: transitive
    description:
      name: meta
      sha256: "3c74dbf8763d36539f114c799d8a2d87343b5067e9d796ca22b5eb8437090ee3"
      url: "https://pub.dev"
    source: hosted
    version: "1.9.1"
  mpv_dart:
    dependency: transitive
    description:
      name: mpv_dart
      sha256: a33bd9a68439b496b7a5f36fecd3aa3cf6cbf0176ae15b9b60b12ae96e58f5a4
      url: "https://pub.dev"
    source: hosted
    version: "0.0.1"
  path:
    dependency: "direct main"
    description:
      name: path
      sha256: "8829d8a55c13fc0e37127c29fedf290c102f4e40ae94ada574091fe0ff96c917"
      url: "https://pub.dev"
    source: hosted
    version: "1.8.3"
  path_drawing:
    dependency: transitive
    description:
      name: path_drawing
      sha256: bbb1934c0cbb03091af082a6389ca2080345291ef07a5fa6d6e078ba8682f977
      url: "https://pub.dev"
    source: hosted
    version: "1.0.1"
  path_parsing:
    dependency: transitive
    description:
      name: path_parsing
      sha256: e3e67b1629e6f7e8100b367d3db6ba6af4b1f0bb80f64db18ef1fbabd2fa9ccf
      url: "https://pub.dev"
    source: hosted
    version: "1.0.1"
  path_provider:
    dependency: transitive
    description:
      name: path_provider
      sha256: a1aa8aaa2542a6bc57e381f132af822420216c80d4781f7aa085ca3229208aaa
      url: "https://pub.dev"
    source: hosted
    version: "2.1.1"
  path_provider_android:
    dependency: transitive
    description:
      name: path_provider_android
      sha256: "6b8b19bd80da4f11ce91b2d1fb931f3006911477cec227cce23d3253d80df3f1"
      url: "https://pub.dev"
    source: hosted
    version: "2.2.0"
  path_provider_foundation:
    dependency: transitive
    description:
      name: path_provider_foundation
      sha256: "19314d595120f82aca0ba62787d58dde2cc6b5df7d2f0daf72489e38d1b57f2d"
      url: "https://pub.dev"
    source: hosted
    version: "2.3.1"
  path_provider_linux:
    dependency: transitive
    description:
      name: path_provider_linux
      sha256: f7a1fe3a634fe7734c8d3f2766ad746ae2a2884abe22e241a8b301bf5cac3279
      url: "https://pub.dev"
    source: hosted
    version: "2.2.1"
  path_provider_platform_interface:
    dependency: transitive
    description:
      name: path_provider_platform_interface
      sha256: "94b1e0dd80970c1ce43d5d4e050a9918fce4f4a775e6142424c30a29a363265c"
      url: "https://pub.dev"
    source: hosted
    version: "2.1.1"
  path_provider_windows:
    dependency: transitive
    description:
      name: path_provider_windows
      sha256: "8bc9f22eee8690981c22aa7fc602f5c85b497a6fb2ceb35ee5a5e5ed85ad8170"
      url: "https://pub.dev"
    source: hosted
    version: "2.2.1"
  petitparser:
    dependency: transitive
    description:
      name: petitparser
      sha256: cb3798bef7fc021ac45b308f4b51208a152792445cce0448c9a4ba5879dd8750
      url: "https://pub.dev"
    source: hosted
    version: "5.4.0"
  platform:
    dependency: transitive
    description:
      name: platform
      sha256: ae68c7bfcd7383af3629daafb32fb4e8681c7154428da4febcff06200585f102
      url: "https://pub.dev"
    source: hosted
    version: "3.1.2"
  plugin_platform_interface:
    dependency: transitive
    description:
      name: plugin_platform_interface
      sha256: da3fdfeccc4d4ff2da8f8c556704c08f912542c5fb3cf2233ed75372384a034d
      url: "https://pub.dev"
    source: hosted
    version: "2.1.6"
  pointycastle:
    dependency: transitive
    description:
      name: pointycastle
      sha256: "7c1e5f0d23c9016c5bbd8b1473d0d3fb3fc851b876046039509e18e0c7485f2c"
      url: "https://pub.dev"
    source: hosted
    version: "3.7.3"
  shared_preferences:
    dependency: "direct main"
    description:
      name: shared_preferences
      sha256: b7f41bad7e521d205998772545de63ff4e6c97714775902c199353f8bf1511ac
      url: "https://pub.dev"
    source: hosted
    version: "2.2.1"
  shared_preferences_android:
    dependency: transitive
    description:
      name: shared_preferences_android
      sha256: "8568a389334b6e83415b6aae55378e158fbc2314e074983362d20c562780fb06"
      url: "https://pub.dev"
    source: hosted
    version: "2.2.1"
  shared_preferences_foundation:
    dependency: transitive
    description:
      name: shared_preferences_foundation
      sha256: "7bf53a9f2d007329ee6f3df7268fd498f8373602f943c975598bbb34649b62a7"
      url: "https://pub.dev"
    source: hosted
    version: "2.3.4"
  shared_preferences_linux:
    dependency: transitive
    description:
      name: shared_preferences_linux
      sha256: c2eb5bf57a2fe9ad6988121609e47d3e07bb3bdca5b6f8444e4cf302428a128a
      url: "https://pub.dev"
    source: hosted
    version: "2.3.1"
  shared_preferences_platform_interface:
    dependency: transitive
    description:
      name: shared_preferences_platform_interface
      sha256: d4ec5fc9ebb2f2e056c617112aa75dcf92fc2e4faaf2ae999caa297473f75d8a
      url: "https://pub.dev"
    source: hosted
    version: "2.3.1"
  shared_preferences_web:
    dependency: transitive
    description:
      name: shared_preferences_web
      sha256: d762709c2bbe80626ecc819143013cc820fa49ca5e363620ee20a8b15a3e3daf
      url: "https://pub.dev"
    source: hosted
    version: "2.2.1"
  shared_preferences_windows:
    dependency: transitive
    description:
      name: shared_preferences_windows
      sha256: f763a101313bd3be87edffe0560037500967de9c394a714cd598d945517f694f
      url: "https://pub.dev"
    source: hosted
    version: "2.3.1"
  sky_engine:
    dependency: transitive
    description: flutter
    source: sdk
    version: "0.0.99"
  source_span:
    dependency: transitive
    description:
      name: source_span
      sha256: dd904f795d4b4f3b870833847c461801f6750a9fa8e61ea5ac53f9422b31f250
      url: "https://pub.dev"
    source: hosted
    version: "1.9.1"
  stack_trace:
    dependency: transitive
    description:
      name: stack_trace
      sha256: c3c7d8edb15bee7f0f74debd4b9c5f3c2ea86766fe4178eb2a18eb30a0bdaed5
      url: "https://pub.dev"
    source: hosted
    version: "1.11.0"
  stream_channel:
    dependency: transitive
    description:
      name: stream_channel
      sha256: "83615bee9045c1d322bbbd1ba209b7a749c2cbcdcb3fdd1df8eb488b3279c1c8"
      url: "https://pub.dev"
    source: hosted
    version: "2.1.1"
  string_scanner:
    dependency: transitive
    description:
      name: string_scanner
      sha256: "556692adab6cfa87322a115640c11f13cb77b3f076ddcc5d6ae3c20242bedcde"
      url: "https://pub.dev"
    source: hosted
    version: "1.2.0"
  term_glyph:
    dependency: transitive
    description:
      name: term_glyph
      sha256: a29248a84fbb7c79282b40b8c72a1209db169a2e0542bce341da992fe1bc7e84
      url: "https://pub.dev"
    source: hosted
    version: "1.2.1"
  test_api:
    dependency: transitive
    description:
      name: test_api
      sha256: eb6ac1540b26de412b3403a163d919ba86f6a973fe6cc50ae3541b80092fdcfb
      url: "https://pub.dev"
    source: hosted
    version: "0.5.1"
  tint:
    dependency: transitive
    description:
      name: tint
      sha256: "9652d9a589f4536d5e392cf790263d120474f15da3cf1bee7f1fdb31b4de5f46"
      url: "https://pub.dev"
    source: hosted
    version: "2.0.1"
  typed_data:
    dependency: transitive
    description:
      name: typed_data
      sha256: facc8d6582f16042dd49f2463ff1bd6e2c9ef9f3d5da3d9b087e244a7b564b3c
      url: "https://pub.dev"
    source: hosted
    version: "1.3.2"
  url_launcher:
    dependency: "direct main"
    description:
      name: url_launcher
      sha256: "47e208a6711459d813ba18af120d9663c20bdf6985d6ad39fe165d2538378d27"
      url: "https://pub.dev"
    source: hosted
    version: "6.1.14"
  url_launcher_android:
    dependency: transitive
    description:
      name: url_launcher_android
      sha256: b04af59516ab45762b2ca6da40fa830d72d0f6045cd97744450b73493fa76330
      url: "https://pub.dev"
    source: hosted
    version: "6.1.0"
  url_launcher_ios:
    dependency: transitive
    description:
      name: url_launcher_ios
      sha256: "7c65021d5dee51813d652357bc65b8dd4a6177082a9966bc8ba6ee477baa795f"
      url: "https://pub.dev"
    source: hosted
    version: "6.1.5"
  url_launcher_linux:
    dependency: transitive
    description:
      name: url_launcher_linux
      sha256: b651aad005e0cb06a01dbd84b428a301916dc75f0e7ea6165f80057fee2d8e8e
      url: "https://pub.dev"
    source: hosted
    version: "3.0.6"
  url_launcher_macos:
    dependency: transitive
    description:
      name: url_launcher_macos
      sha256: b55486791f666e62e0e8ff825e58a023fd6b1f71c49926483f1128d3bbd8fe88
      url: "https://pub.dev"
    source: hosted
    version: "3.0.7"
  url_launcher_platform_interface:
    dependency: transitive
    description:
      name: url_launcher_platform_interface
      sha256: "95465b39f83bfe95fcb9d174829d6476216f2d548b79c38ab2506e0458787618"
      url: "https://pub.dev"
    source: hosted
    version: "2.1.5"
  url_launcher_web:
    dependency: transitive
    description:
      name: url_launcher_web
      sha256: ba140138558fcc3eead51a1c42e92a9fb074a1b1149ed3c73e66035b2ccd94f2
      url: "https://pub.dev"
    source: hosted
    version: "2.0.19"
  url_launcher_windows:
    dependency: transitive
    description:
      name: url_launcher_windows
      sha256: "95fef3129dc7cfaba2bc3d5ba2e16063bb561fc6d78e63eee16162bc70029069"
      url: "https://pub.dev"
    source: hosted
    version: "3.0.8"
  vector_math:
    dependency: transitive
    description:
      name: vector_math
      sha256: "80b3257d1492ce4d091729e3a67a60407d227c27241d6927be0130c98e741803"
      url: "https://pub.dev"
    source: hosted
    version: "2.1.4"
  win32:
    dependency: transitive
    description:
      name: win32
      sha256: c97defd418eef4ec88c0d1652cdce84b9f7b63dd7198e266d06ac1710d527067
      url: "https://pub.dev"
    source: hosted
    version: "5.0.8"
  xdg_directories:
    dependency: transitive
    description:
      name: xdg_directories
      sha256: "589ada45ba9e39405c198fe34eb0f607cddb2108527e658136120892beac46d2"
      url: "https://pub.dev"
    source: hosted
    version: "1.0.3"
  xml:
    dependency: transitive
    description:
      name: xml
      sha256: "5bc72e1e45e941d825fd7468b9b4cc3b9327942649aeb6fc5cdbf135f0a86e84"
      url: "https://pub.dev"
    source: hosted
    version: "6.3.0"
  yaml:
    dependency: transitive
    description:
      name: yaml
      sha256: "75769501ea3489fca56601ff33454fe45507ea3bfb014161abc3b43ae25989d5"
      url: "https://pub.dev"
    source: hosted
    version: "3.1.2"
sdks:
  dart: ">=3.0.6 <4.0.0"
  flutter: ">=3.10.0"
